
Microsoft Visual Studio Solution File, Format Version 12.00
# Visual Studio Version 17
VisualStudioVersion = 17.7.34221.43
MinimumVisualStudioVersion = 10.0.40219.1
Project("{9A19103F-16F7-4668-BE54-9A1E7A4F7556}") = "01BasOffEL", "01BasOffEL\01BasOffEL.csproj", "{ADBC8D0B-32C2-49CD-910B-146C42EC26BC}"
EndProject
Project("{9A19103F-16F7-4668-BE54-9A1E7A4F7556}") = "03BasOffAPI", "03BasOffAPI\03BasOffAPI.csproj", "{3082A811-9240-4EFD-BDD2-3EF8C49FB0F3}"
EndProject
Project("{9A19103F-16F7-4668-BE54-9A1E7A4F7556}") = "02BasOffAL", "02BasOffAL\02BasOffAL.csproj", "{51E66BC6-E83D-41AA-9CA4-CDFFDB87E2EA}"
EndProject
Project("{9A19103F-16F7-4668-BE54-9A1E7A4F7556}") = "03BasOffIL", "03BasOffIL\03BasOffIL.csproj", "{193E74A0-AACB-4FCE-949F-0143B330A136}"
EndProject
Global
	GlobalSection(SolutionConfigurationPlatforms) = preSolution
		Debug|Any CPU = Debug|Any CPU
		Release|Any CPU = Release|Any CPU
	EndGlobalSection
	GlobalSection(ProjectConfigurationPlatforms) = postSolution
		{ADBC8D0B-32C2-49CD-910B-146C42EC26BC}.Debug|Any CPU.ActiveCfg = Debug|Any CPU
		{ADBC8D0B-32C2-49CD-910B-146C42EC26BC}.Debug|Any CPU.Build.0 = Debug|Any CPU
		{ADBC8D0B-32C2-49CD-910B-146C42EC26BC}.Release|Any CPU.ActiveCfg = Release|Any CPU
		{ADBC8D0B-32C2-49CD-910B-146C42EC26BC}.Release|Any CPU.Build.0 = Release|Any CPU
		{3082A811-9240-4EFD-BDD2-3EF8C49FB0F3}.Debug|Any CPU.ActiveCfg = Debug|Any CPU
		{3082A811-9240-4EFD-BDD2-3EF8C49FB0F3}.Debug|Any CPU.Build.0 = Debug|Any CPU
		{3082A811-9240-4EFD-BDD2-3EF8C49FB0F3}.Release|Any CPU.ActiveCfg = Release|Any CPU
		{3082A811-9240-4EFD-BDD2-3EF8C49FB0F3}.Release|Any CPU.Build.0 = Release|Any CPU
		{51E66BC6-E83D-41AA-9CA4-CDFFDB87E2EA}.Debug|Any CPU.ActiveCfg = Debug|Any CPU
		{51E66BC6-E83D-41AA-9CA4-CDFFDB87E2EA}.Debug|Any CPU.Build.0 = Debug|Any CPU
		{51E66BC6-E83D-41AA-9CA4-CDFFDB87E2EA}.Release|Any CPU.ActiveCfg = Release|Any CPU
		{51E66BC6-E83D-41AA-9CA4-CDFFDB87E2EA}.Release|Any CPU.Build.0 = Release|Any CPU
		{193E74A0-AACB-4FCE-949F-0143B330A136}.Debug|Any CPU.ActiveCfg = Debug|Any CPU
		{193E74A0-AACB-4FCE-949F-0143B330A136}.Debug|Any CPU.Build.0 = Debug|Any CPU
		{193E74A0-AACB-4FCE-949F-0143B330A136}.Release|Any CPU.ActiveCfg = Release|Any CPU
		{193E74A0-AACB-4FCE-949F-0143B330A136}.Release|Any CPU.Build.0 = Release|Any CPU
	EndGlobalSection
	GlobalSection(SolutionProperties) = preSolution
		HideSolutionNode = FALSE
	EndGlobalSection
	GlobalSection(ExtensibilityGlobals) = postSolution
		SolutionGuid = {D620DF66-FD73-4985-BD9B-FAA05E639721}
	EndGlobalSection
EndGlobal
